// !$*UTF8*$!
{
	archiveVersion = 1;
	classes = {
	};
	objectVersion = 55;
	objects = {

/* Begin PBXBuildFile section */
		1F649E5F26384C8E1939EE2E /* Pods_ReadBook.framework in Frameworks */ = {isa = PBXBuildFile; fileRef = 4196527F016A9AA48383E553 /* Pods_ReadBook.framework */; };
		4D39E7C12800743B004E55F4 /* ReadBookApp.swift in Sources */ = {isa = PBXBuildFile; fileRef = 4D39E7C02800743B004E55F4 /* ReadBookApp.swift */; };
		4D39E7C32800743B004E55F4 /* ContentView.swift in Sources */ = {isa = PBXBuildFile; fileRef = 4D39E7C22800743B004E55F4 /* ContentView.swift */; };
		4D39E7C52800743C004E55F4 /* Assets.xcassets in Resources */ = {isa = PBXBuildFile; fileRef = 4D39E7C42800743C004E55F4 /* Assets.xcassets */; };
		4D39E7C82800743C004E55F4 /* Preview Assets.xcassets in Resources */ = {isa = PBXBuildFile; fileRef = 4D39E7C72800743C004E55F4 /* Preview Assets.xcassets */; };
		4D39E7D0280074EF004E55F4 /* SignUpView.swift in Sources */ = {isa = PBXBuildFile; fileRef = 4D39E7CF280074EF004E55F4 /* SignUpView.swift */; };
		4D39E7D42800753C004E55F4 /* SignUpViewModel.swift in Sources */ = {isa = PBXBuildFile; fileRef = 4D39E7D32800753C004E55F4 /* SignUpViewModel.swift */; };
		4D39E7D628007572004E55F4 /* GoogleService-Info.plist in Resources */ = {isa = PBXBuildFile; fileRef = 4D39E7D528007572004E55F4 /* GoogleService-Info.plist */; };
		4D39E7ED28007AB8004E55F4 /* SignInView.swift in Sources */ = {isa = PBXBuildFile; fileRef = 4D39E7EC28007AB8004E55F4 /* SignInView.swift */; };
		4D39E7EF28007AE4004E55F4 /* HomeView.swift in Sources */ = {isa = PBXBuildFile; fileRef = 4D39E7EE28007AE4004E55F4 /* HomeView.swift */; };
		4D39E7F128007B11004E55F4 /* ReadBookView.swift in Sources */ = {isa = PBXBuildFile; fileRef = 4D39E7F028007B11004E55F4 /* ReadBookView.swift */; };
		4D39E7F328007B2C004E55F4 /* BookmarkView.swift in Sources */ = {isa = PBXBuildFile; fileRef = 4D39E7F228007B2C004E55F4 /* BookmarkView.swift */; };
		4D39E7F528007B4B004E55F4 /* SettingView.swift in Sources */ = {isa = PBXBuildFile; fileRef = 4D39E7F428007B4B004E55F4 /* SettingView.swift */; };
		4D39E7F728007B60004E55F4 /* MenuView.swift in Sources */ = {isa = PBXBuildFile; fileRef = 4D39E7F628007B60004E55F4 /* MenuView.swift */; };
		4D39E7F928007B77004E55F4 /* BookPriviewView.swift in Sources */ = {isa = PBXBuildFile; fileRef = 4D39E7F828007B77004E55F4 /* BookPriviewView.swift */; };
		4D39E7FB28007B90004E55F4 /* BookChapterView.swift in Sources */ = {isa = PBXBuildFile; fileRef = 4D39E7FA28007B90004E55F4 /* BookChapterView.swift */; };
		4D39E7FD28007BA3004E55F4 /* CategoryView.swift in Sources */ = {isa = PBXBuildFile; fileRef = 4D39E7FC28007BA3004E55F4 /* CategoryView.swift */; };
		4D39E80028007BE2004E55F4 /* myTextField1.swift in Sources */ = {isa = PBXBuildFile; fileRef = 4D39E7FF28007BE2004E55F4 /* myTextField1.swift */; };
		4D39E80328007C52004E55F4 /* tieuthuyetBtnView.swift in Sources */ = {isa = PBXBuildFile; fileRef = 4D39E80228007C52004E55F4 /* tieuthuyetBtnView.swift */; };
		4D39E80528007C68004E55F4 /* khoahocBtnView.swift in Sources */ = {isa = PBXBuildFile; fileRef = 4D39E80428007C68004E55F4 /* khoahocBtnView.swift */; };
		4D39E80728007C81004E55F4 /* langmanBtnView.swift in Sources */ = {isa = PBXBuildFile; fileRef = 4D39E80628007C81004E55F4 /* langmanBtnView.swift */; };
		4D39E80928007C93004E55F4 /* nuocngoaiBtnView.swift in Sources */ = {isa = PBXBuildFile; fileRef = 4D39E80828007C93004E55F4 /* nuocngoaiBtnView.swift */; };
		4D39E80B28007CA7004E55F4 /* tamlyBtnView.swift in Sources */ = {isa = PBXBuildFile; fileRef = 4D39E80A28007CA7004E55F4 /* tamlyBtnView.swift */; };
		4D39E80D28007CBA004E55F4 /* vanhocBtnView.swift in Sources */ = {isa = PBXBuildFile; fileRef = 4D39E80C28007CBA004E55F4 /* vanhocBtnView.swift */; };
		4D39E81428008496004E55F4 /* Book.swift in Sources */ = {isa = PBXBuildFile; fileRef = 4D39E81328008496004E55F4 /* Book.swift */; };
		4D39E81628008689004E55F4 /* HomeViewModel.swift in Sources */ = {isa = PBXBuildFile; fileRef = 4D39E81528008688004E55F4 /* HomeViewModel.swift */; };
		4D39E8182800872A004E55F4 /* BookCategory.swift in Sources */ = {isa = PBXBuildFile; fileRef = 4D39E8172800872A004E55F4 /* BookCategory.swift */; };
/* End PBXBuildFile section */

/* Begin PBXFileReference section */
		4196527F016A9AA48383E553 /* Pods_ReadBook.framework */ = {isa = PBXFileReference; explicitFileType = wrapper.framework; includeInIndex = 0; path = Pods_ReadBook.framework; sourceTree = BUILT_PRODUCTS_DIR; };
		4D39E7BD2800743B004E55F4 /* ReadBook.app */ = {isa = PBXFileReference; explicitFileType = wrapper.application; includeInIndex = 0; path = ReadBook.app; sourceTree = BUILT_PRODUCTS_DIR; };
		4D39E7C02800743B004E55F4 /* ReadBookApp.swift */ = {isa = PBXFileReference; lastKnownFileType = sourcecode.swift; path = ReadBookApp.swift; sourceTree = "<group>"; };
		4D39E7C22800743B004E55F4 /* ContentView.swift */ = {isa = PBXFileReference; lastKnownFileType = sourcecode.swift; path = ContentView.swift; sourceTree = "<group>"; };
		4D39E7C42800743C004E55F4 /* Assets.xcassets */ = {isa = PBXFileReference; lastKnownFileType = folder.assetcatalog; path = Assets.xcassets; sourceTree = "<group>"; };
		4D39E7C72800743C004E55F4 /* Preview Assets.xcassets */ = {isa = PBXFileReference; lastKnownFileType = folder.assetcatalog; path = "Preview Assets.xcassets"; sourceTree = "<group>"; };
		4D39E7CF280074EF004E55F4 /* SignUpView.swift */ = {isa = PBXFileReference; lastKnownFileType = sourcecode.swift; path = SignUpView.swift; sourceTree = "<group>"; };
		4D39E7D32800753C004E55F4 /* SignUpViewModel.swift */ = {isa = PBXFileReference; lastKnownFileType = sourcecode.swift; path = SignUpViewModel.swift; sourceTree = "<group>"; };
		4D39E7D528007572004E55F4 /* GoogleService-Info.plist */ = {isa = PBXFileReference; fileEncoding = 4; lastKnownFileType = text.plist.xml; path = "GoogleService-Info.plist"; sourceTree = "<group>"; };
		4D39E7EC28007AB8004E55F4 /* SignInView.swift */ = {isa = PBXFileReference; lastKnownFileType = sourcecode.swift; path = SignInView.swift; sourceTree = "<group>"; };
		4D39E7EE28007AE4004E55F4 /* HomeView.swift */ = {isa = PBXFileReference; lastKnownFileType = sourcecode.swift; path = HomeView.swift; sourceTree = "<group>"; };
		4D39E7F028007B11004E55F4 /* ReadBookView.swift */ = {isa = PBXFileReference; lastKnownFileType = sourcecode.swift; path = ReadBookView.swift; sourceTree = "<group>"; };
		4D39E7F228007B2C004E55F4 /* BookmarkView.swift */ = {isa = PBXFileReference; lastKnownFileType = sourcecode.swift; path = BookmarkView.swift; sourceTree = "<group>"; };
		4D39E7F428007B4B004E55F4 /* SettingView.swift */ = {isa = PBXFileReference; lastKnownFileType = sourcecode.swift; path = SettingView.swift; sourceTree = "<group>"; };
		4D39E7F628007B60004E55F4 /* MenuView.swift */ = {isa = PBXFileReference; lastKnownFileType = sourcecode.swift; path = MenuView.swift; sourceTree = "<group>"; };
		4D39E7F828007B77004E55F4 /* BookPriviewView.swift */ = {isa = PBXFileReference; lastKnownFileType = sourcecode.swift; path = BookPriviewView.swift; sourceTree = "<group>"; };
		4D39E7FA28007B90004E55F4 /* BookChapterView.swift */ = {isa = PBXFileReference; lastKnownFileType = sourcecode.swift; path = BookChapterView.swift; sourceTree = "<group>"; };
		4D39E7FC28007BA3004E55F4 /* CategoryView.swift */ = {isa = PBXFileReference; lastKnownFileType = sourcecode.swift; path = CategoryView.swift; sourceTree = "<group>"; };
		4D39E7FF28007BE2004E55F4 /* myTextField1.swift */ = {isa = PBXFileReference; lastKnownFileType = sourcecode.swift; path = myTextField1.swift; sourceTree = "<group>"; };
		4D39E80228007C52004E55F4 /* tieuthuyetBtnView.swift */ = {isa = PBXFileReference; lastKnownFileType = sourcecode.swift; path = tieuthuyetBtnView.swift; sourceTree = "<group>"; };
		4D39E80428007C68004E55F4 /* khoahocBtnView.swift */ = {isa = PBXFileReference; lastKnownFileType = sourcecode.swift; path = khoahocBtnView.swift; sourceTree = "<group>"; };
		4D39E80628007C81004E55F4 /* langmanBtnView.swift */ = {isa = PBXFileReference; lastKnownFileType = sourcecode.swift; path = langmanBtnView.swift; sourceTree = "<group>"; };
		4D39E80828007C93004E55F4 /* nuocngoaiBtnView.swift */ = {isa = PBXFileReference; lastKnownFileType = sourcecode.swift; path = nuocngoaiBtnView.swift; sourceTree = "<group>"; };
		4D39E80A28007CA7004E55F4 /* tamlyBtnView.swift */ = {isa = PBXFileReference; lastKnownFileType = sourcecode.swift; path = tamlyBtnView.swift; sourceTree = "<group>"; };
		4D39E80C28007CBA004E55F4 /* vanhocBtnView.swift */ = {isa = PBXFileReference; lastKnownFileType = sourcecode.swift; path = vanhocBtnView.swift; sourceTree = "<group>"; };
		4D39E81328008496004E55F4 /* Book.swift */ = {isa = PBXFileReference; lastKnownFileType = sourcecode.swift; path = Book.swift; sourceTree = "<group>"; };
		4D39E81528008688004E55F4 /* HomeViewModel.swift */ = {isa = PBXFileReference; lastKnownFileType = sourcecode.swift; path = HomeViewModel.swift; sourceTree = "<group>"; };
		4D39E8172800872A004E55F4 /* BookCategory.swift */ = {isa = PBXFileReference; lastKnownFileType = sourcecode.swift; path = BookCategory.swift; sourceTree = "<group>"; };
		9C65DEC32E44D06B997608ED /* Pods-ReadBook.release.xcconfig */ = {isa = PBXFileReference; includeInIndex = 1; lastKnownFileType = text.xcconfig; name = "Pods-ReadBook.release.xcconfig"; path = "Target Support Files/Pods-ReadBook/Pods-ReadBook.release.xcconfig"; sourceTree = "<group>"; };
		D7812C1406E042D95C641C2C /* Pods-ReadBook.debug.xcconfig */ = {isa = PBXFileReference; includeInIndex = 1; lastKnownFileType = text.xcconfig; name = "Pods-ReadBook.debug.xcconfig"; path = "Target Support Files/Pods-ReadBook/Pods-ReadBook.debug.xcconfig"; sourceTree = "<group>"; };
/* End PBXFileReference section */

/* Begin PBXFrameworksBuildPhase section */
		4D39E7BA2800743B004E55F4 /* Frameworks */ = {
			isa = PBXFrameworksBuildPhase;
			buildActionMask = 2147483647;
			files = (
				1F649E5F26384C8E1939EE2E /* Pods_ReadBook.framework in Frameworks */,
			);
			runOnlyForDeploymentPostprocessing = 0;
		};
/* End PBXFrameworksBuildPhase section */

/* Begin PBXGroup section */
		0E12F88AEA0208287725CBE3 /* Frameworks */ = {
			isa = PBXGroup;
			children = (
				4196527F016A9AA48383E553 /* Pods_ReadBook.framework */,
			);
			name = Frameworks;
			sourceTree = "<group>";
		};
		41A5AB44519A0F543A1A327C /* Pods */ = {
			isa = PBXGroup;
			children = (
				D7812C1406E042D95C641C2C /* Pods-ReadBook.debug.xcconfig */,
				9C65DEC32E44D06B997608ED /* Pods-ReadBook.release.xcconfig */,
			);
			path = Pods;
			sourceTree = "<group>";
		};
		4D39E7B42800743B004E55F4 = {
			isa = PBXGroup;
			children = (
				4D39E7BF2800743B004E55F4 /* ReadBook */,
				4D39E7BE2800743B004E55F4 /* Products */,
				41A5AB44519A0F543A1A327C /* Pods */,
				0E12F88AEA0208287725CBE3 /* Frameworks */,
			);
			sourceTree = "<group>";
		};
		4D39E7BE2800743B004E55F4 /* Products */ = {
			isa = PBXGroup;
			children = (
				4D39E7BD2800743B004E55F4 /* ReadBook.app */,
			);
			name = Products;
			sourceTree = "<group>";
		};
		4D39E7BF2800743B004E55F4 /* ReadBook */ = {
			isa = PBXGroup;
			children = (
				4D39E80E28007CFC004E55F4 /* Models */,
				4D39E7D528007572004E55F4 /* GoogleService-Info.plist */,
				4D39E7D12800750E004E55F4 /* ViewModels */,
				4D39E7CE2800744D004E55F4 /* Views */,
				4D39E7C02800743B004E55F4 /* ReadBookApp.swift */,
				4D39E7C22800743B004E55F4 /* ContentView.swift */,
				4D39E7C42800743C004E55F4 /* Assets.xcassets */,
				4D39E7C62800743C004E55F4 /* Preview Content */,
			);
			path = ReadBook;
			sourceTree = "<group>";
		};
		4D39E7C62800743C004E55F4 /* Preview Content */ = {
			isa = PBXGroup;
			children = (
				4D39E7C72800743C004E55F4 /* Preview Assets.xcassets */,
			);
			path = "Preview Content";
			sourceTree = "<group>";
		};
		4D39E7CE2800744D004E55F4 /* Views */ = {
			isa = PBXGroup;
			children = (
				4D39E80128007C3B004E55F4 /* CategoryBtnView */,
				4D39E7FE28007BB2004E55F4 /* SharedViews */,
				4D39E7CF280074EF004E55F4 /* SignUpView.swift */,
				4D39E7EC28007AB8004E55F4 /* SignInView.swift */,
				4D39E7EE28007AE4004E55F4 /* HomeView.swift */,
				4D39E7F028007B11004E55F4 /* ReadBookView.swift */,
				4D39E7F228007B2C004E55F4 /* BookmarkView.swift */,
				4D39E7F428007B4B004E55F4 /* SettingView.swift */,
				4D39E7F628007B60004E55F4 /* MenuView.swift */,
				4D39E7F828007B77004E55F4 /* BookPriviewView.swift */,
				4D39E7FA28007B90004E55F4 /* BookChapterView.swift */,
				4D39E7FC28007BA3004E55F4 /* CategoryView.swift */,
			);
			path = Views;
			sourceTree = "<group>";
		};
		4D39E7D12800750E004E55F4 /* ViewModels */ = {
			isa = PBXGroup;
			children = (
				4D39E7D32800753C004E55F4 /* SignUpViewModel.swift */,
				4D39E81528008688004E55F4 /* HomeViewModel.swift */,
			);
			path = ViewModels;
			sourceTree = "<group>";
		};
		4D39E7FE28007BB2004E55F4 /* SharedViews */ = {
			isa = PBXGroup;
			children = (
				4D39E7FF28007BE2004E55F4 /* myTextField1.swift */,
			);
			path = SharedViews;
			sourceTree = "<group>";
		};
		4D39E80128007C3B004E55F4 /* CategoryBtnView */ = {
			isa = PBXGroup;
			children = (
				4D39E80228007C52004E55F4 /* tieuthuyetBtnView.swift */,
				4D39E80428007C68004E55F4 /* khoahocBtnView.swift */,
				4D39E80628007C81004E55F4 /* langmanBtnView.swift */,
				4D39E80828007C93004E55F4 /* nuocngoaiBtnView.swift */,
				4D39E80A28007CA7004E55F4 /* tamlyBtnView.swift */,
				4D39E80C28007CBA004E55F4 /* vanhocBtnView.swift */,
			);
			path = CategoryBtnView;
			sourceTree = "<group>";
		};
		4D39E80E28007CFC004E55F4 /* Models */ = {
			isa = PBXGroup;
			children = (
				4D39E81328008496004E55F4 /* Book.swift */,
				4D39E8172800872A004E55F4 /* BookCategory.swift */,
			);
			path = Models;
			sourceTree = "<group>";
		};
/* End PBXGroup section */

/* Begin PBXNativeTarget section */
		4D39E7BC2800743B004E55F4 /* ReadBook */ = {
			isa = PBXNativeTarget;
			buildConfigurationList = 4D39E7CB2800743C004E55F4 /* Build configuration list for PBXNativeTarget "ReadBook" */;
			buildPhases = (
				FF322DD38373F68984544707 /* [CP] Check Pods Manifest.lock */,
				4D39E7B92800743B004E55F4 /* Sources */,
				4D39E7BA2800743B004E55F4 /* Frameworks */,
				4D39E7BB2800743B004E55F4 /* Resources */,
				ADCCFE8593567088C67D69AE /* [CP] Embed Pods Frameworks */,
			);
			buildRules = (
			);
			dependencies = (
			);
			name = ReadBook;
			productName = ReadBook;
			productReference = 4D39E7BD2800743B004E55F4 /* ReadBook.app */;
			productType = "com.apple.product-type.application";
		};
/* End PBXNativeTarget section */

/* Begin PBXProject section */
		4D39E7B52800743B004E55F4 /* Project object */ = {
			isa = PBXProject;
			attributes = {
				BuildIndependentTargetsInParallel = 1;
				LastSwiftUpdateCheck = 1330;
				LastUpgradeCheck = 1330;
				TargetAttributes = {
					4D39E7BC2800743B004E55F4 = {
						CreatedOnToolsVersion = 13.3;
					};
				};
			};
			buildConfigurationList = 4D39E7B82800743B004E55F4 /* Build configuration list for PBXProject "ReadBook" */;
			compatibilityVersion = "Xcode 13.0";
			developmentRegion = en;
			hasScannedForEncodings = 0;
			knownRegions = (
				en,
				Base,
			);
			mainGroup = 4D39E7B42800743B004E55F4;
			productRefGroup = 4D39E7BE2800743B004E55F4 /* Products */;
			projectDirPath = "";
			projectRoot = "";
			targets = (
				4D39E7BC2800743B004E55F4 /* ReadBook */,
			);
		};
/* End PBXProject section */

/* Begin PBXResourcesBuildPhase section */
		4D39E7BB2800743B004E55F4 /* Resources */ = {
			isa = PBXResourcesBuildPhase;
			buildActionMask = 2147483647;
			files = (
				4D39E7C82800743C004E55F4 /* Preview Assets.xcassets in Resources */,
				4D39E7C52800743C004E55F4 /* Assets.xcassets in Resources */,
				4D39E7D628007572004E55F4 /* GoogleService-Info.plist in Resources */,
			);
			runOnlyForDeploymentPostprocessing = 0;
		};
/* End PBXResourcesBuildPhase section */

/* Begin PBXShellScriptBuildPhase section */
		ADCCFE8593567088C67D69AE /* [CP] Embed Pods Frameworks */ = {
			isa = PBXShellScriptBuildPhase;
			buildActionMask = 2147483647;
			files = (
			);
			inputFileListPaths = (
				"${PODS_ROOT}/Target Support Files/Pods-ReadBook/Pods-ReadBook-frameworks-${CONFIGURATION}-input-files.xcfilelist",
			);
			name = "[CP] Embed Pods Frameworks";
			outputFileListPaths = (
				"${PODS_ROOT}/Target Support Files/Pods-ReadBook/Pods-ReadBook-frameworks-${CONFIGURATION}-output-files.xcfilelist",
			);
			runOnlyForDeploymentPostprocessing = 0;
			shellPath = /bin/sh;
			shellScript = "\"${PODS_ROOT}/Target Support Files/Pods-ReadBook/Pods-ReadBook-frameworks.sh\"\n";
			showEnvVarsInLog = 0;
		};
		FF322DD38373F68984544707 /* [CP] Check Pods Manifest.lock */ = {
			isa = PBXShellScriptBuildPhase;
			buildActionMask = 2147483647;
			files = (
			);
			inputFileListPaths = (
			);
			inputPaths = (
				"${PODS_PODFILE_DIR_PATH}/Podfile.lock",
				"${PODS_ROOT}/Manifest.lock",
			);
			name = "[CP] Check Pods Manifest.lock";
			outputFileListPaths = (
			);
			outputPaths = (
				"$(DERIVED_FILE_DIR)/Pods-ReadBook-checkManifestLockResult.txt",
			);
			runOnlyForDeploymentPostprocessing = 0;
			shellPath = /bin/sh;
			shellScript = "diff \"${PODS_PODFILE_DIR_PATH}/Podfile.lock\" \"${PODS_ROOT}/Manifest.lock\" > /dev/null\nif [ $? != 0 ] ; then\n    # print error to STDERR\n    echo \"error: The sandbox is not in sync with the Podfile.lock. Run 'pod install' or update your CocoaPods installation.\" >&2\n    exit 1\nfi\n# This output is used by Xcode 'outputs' to avoid re-running this script phase.\necho \"SUCCESS\" > \"${SCRIPT_OUTPUT_FILE_0}\"\n";
			showEnvVarsInLog = 0;
		};
/* End PBXShellScriptBuildPhase section */

/* Begin PBXSourcesBuildPhase section */
		4D39E7B92800743B004E55F4 /* Sources */ = {
			isa = PBXSourcesBuildPhase;
			buildActionMask = 2147483647;
			files = (
				4D39E7C32800743B004E55F4 /* ContentView.swift in Sources */,
				4D39E81628008689004E55F4 /* HomeViewModel.swift in Sources */,
				4D39E7F128007B11004E55F4 /* ReadBookView.swift in Sources */,
				4D39E81428008496004E55F4 /* Book.swift in Sources */,
				4D39E8182800872A004E55F4 /* BookCategory.swift in Sources */,
				4D39E7D0280074EF004E55F4 /* SignUpView.swift in Sources */,
				4D39E7F528007B4B004E55F4 /* SettingView.swift in Sources */,
				4D39E7D42800753C004E55F4 /* SignUpViewModel.swift in Sources */,
				4D39E80928007C93004E55F4 /* nuocngoaiBtnView.swift in Sources */,
				4D39E80028007BE2004E55F4 /* myTextField1.swift in Sources */,
				4D39E7FD28007BA3004E55F4 /* CategoryView.swift in Sources */,
				4D39E7FB28007B90004E55F4 /* BookChapterView.swift in Sources */,
				4D39E7F728007B60004E55F4 /* MenuView.swift in Sources */,
				4D39E80728007C81004E55F4 /* langmanBtnView.swift in Sources */,
				4D39E80B28007CA7004E55F4 /* tamlyBtnView.swift in Sources */,
				4D39E80D28007CBA004E55F4 /* vanhocBtnView.swift in Sources */,
				4D39E7EF28007AE4004E55F4 /* HomeView.swift in Sources */,
				4D39E7C12800743B004E55F4 /* ReadBookApp.swift in Sources */,
				4D39E80528007C68004E55F4 /* khoahocBtnView.swift in Sources */,
				4D39E7F328007B2C004E55F4 /* BookmarkView.swift in Sources */,
				4D39E7ED28007AB8004E55F4 /* SignInView.swift in Sources */,
				4D39E7F928007B77004E55F4 /* BookPriviewView.swift in Sources */,
				4D39E80328007C52004E55F4 /* tieuthuyetBtnView.swift in Sources */,
			);
			runOnlyForDeploymentPostprocessing = 0;
		};
/* End PBXSourcesBuildPhase section */

/* Begin XCBuildConfiguration section */
		4D39E7C92800743C004E55F4 /* Debug */ = {
			isa = XCBuildConfiguration;
			buildSettings = {
				ALWAYS_SEARCH_USER_PATHS = NO;
				CLANG_ANALYZER_NONNULL = YES;
				CLANG_ANALYZER_NUMBER_OBJECT_CONVERSION = YES_AGGRESSIVE;
				CLANG_CXX_LANGUAGE_STANDARD = "gnu++17";
				CLANG_ENABLE_MODULES = YES;
				CLANG_ENABLE_OBJC_ARC = YES;
				CLANG_ENABLE_OBJC_WEAK = YES;
				CLANG_WARN_BLOCK_CAPTURE_AUTORELEASING = YES;
				CLANG_WARN_BOOL_CONVERSION = YES;
				CLANG_WARN_COMMA = YES;
				CLANG_WARN_CONSTANT_CONVERSION = YES;
				CLANG_WARN_DEPRECATED_OBJC_IMPLEMENTATIONS = YES;
				CLANG_WARN_DIRECT_OBJC_ISA_USAGE = YES_ERROR;
				CLANG_WARN_DOCUMENTATION_COMMENTS = YES;
				CLANG_WARN_EMPTY_BODY = YES;
				CLANG_WARN_ENUM_CONVERSION = YES;
				CLANG_WARN_INFINITE_RECURSION = YES;
				CLANG_WARN_INT_CONVERSION = YES;
				CLANG_WARN_NON_LITERAL_NULL_CONVERSION = YES;
				CLANG_WARN_OBJC_IMPLICIT_RETAIN_SELF = YES;
				CLANG_WARN_OBJC_LITERAL_CONVERSION = YES;
				CLANG_WARN_OBJC_ROOT_CLASS = YES_ERROR;
				CLANG_WARN_QUOTED_INCLUDE_IN_FRAMEWORK_HEADER = YES;
				CLANG_WARN_RANGE_LOOP_ANALYSIS = YES;
				CLANG_WARN_STRICT_PROTOTYPES = YES;
				CLANG_WARN_SUSPICIOUS_MOVE = YES;
				CLANG_WARN_UNGUARDED_AVAILABILITY = YES_AGGRESSIVE;
				CLANG_WARN_UNREACHABLE_CODE = YES;
				CLANG_WARN__DUPLICATE_METHOD_MATCH = YES;
				COPY_PHASE_STRIP = NO;
				DEBUG_INFORMATION_FORMAT = dwarf;
				ENABLE_STRICT_OBJC_MSGSEND = YES;
				ENABLE_TESTABILITY = YES;
				GCC_C_LANGUAGE_STANDARD = gnu11;
				GCC_DYNAMIC_NO_PIC = NO;
				GCC_NO_COMMON_BLOCKS = YES;
				GCC_OPTIMIZATION_LEVEL = 0;
				GCC_PREPROCESSOR_DEFINITIONS = (
					"DEBUG=1",
					"$(inherited)",
				);
				GCC_WARN_64_TO_32_BIT_CONVERSION = YES;
				GCC_WARN_ABOUT_RETURN_TYPE = YES_ERROR;
				GCC_WARN_UNDECLARED_SELECTOR = YES;
				GCC_WARN_UNINITIALIZED_AUTOS = YES_AGGRESSIVE;
				GCC_WARN_UNUSED_FUNCTION = YES;
				GCC_WARN_UNUSED_VARIABLE = YES;
				IPHONEOS_DEPLOYMENT_TARGET = 15.4;
				MTL_ENABLE_DEBUG_INFO = INCLUDE_SOURCE;
				MTL_FAST_MATH = YES;
				ONLY_ACTIVE_ARCH = YES;
				SDKROOT = iphoneos;
				SWIFT_ACTIVE_COMPILATION_CONDITIONS = DEBUG;
				SWIFT_OPTIMIZATION_LEVEL = "-Onone";
			};
			name = Debug;
		};
		4D39E7CA2800743C004E55F4 /* Release */ = {
			isa = XCBuildConfiguration;
			buildSettings = {
				ALWAYS_SEARCH_USER_PATHS = NO;
				CLANG_ANALYZER_NONNULL = YES;
				CLANG_ANALYZER_NUMBER_OBJECT_CONVERSION = YES_AGGRESSIVE;
				CLANG_CXX_LANGUAGE_STANDARD = "gnu++17";
				CLANG_ENABLE_MODULES = YES;
				CLANG_ENABLE_OBJC_ARC = YES;
				CLANG_ENABLE_OBJC_WEAK = YES;
				CLANG_WARN_BLOCK_CAPTURE_AUTORELEASING = YES;
				CLANG_WARN_BOOL_CONVERSION = YES;
				CLANG_WARN_COMMA = YES;
				CLANG_WARN_CONSTANT_CONVERSION = YES;
				CLANG_WARN_DEPRECATED_OBJC_IMPLEMENTATIONS = YES;
				CLANG_WARN_DIRECT_OBJC_ISA_USAGE = YES_ERROR;
				CLANG_WARN_DOCUMENTATION_COMMENTS = YES;
				CLANG_WARN_EMPTY_BODY = YES;
				CLANG_WARN_ENUM_CONVERSION = YES;
				CLANG_WARN_INFINITE_RECURSION = YES;
				CLANG_WARN_INT_CONVERSION = YES;
				CLANG_WARN_NON_LITERAL_NULL_CONVERSION = YES;
				CLANG_WARN_OBJC_IMPLICIT_RETAIN_SELF = YES;
				CLANG_WARN_OBJC_LITERAL_CONVERSION = YES;
				CLANG_WARN_OBJC_ROOT_CLASS = YES_ERROR;
				CLANG_WARN_QUOTED_INCLUDE_IN_FRAMEWORK_HEADER = YES;
				CLANG_WARN_RANGE_LOOP_ANALYSIS = YES;
				CLANG_WARN_STRICT_PROTOTYPES = YES;
				CLANG_WARN_SUSPICIOUS_MOVE = YES;
				CLANG_WARN_UNGUARDED_AVAILABILITY = YES_AGGRESSIVE;
				CLANG_WARN_UNREACHABLE_CODE = YES;
				CLANG_WARN__DUPLICATE_METHOD_MATCH = YES;
				COPY_PHASE_STRIP = NO;
				DEBUG_INFORMATION_FORMAT = "dwarf-with-dsym";
				ENABLE_NS_ASSERTIONS = NO;
				ENABLE_STRICT_OBJC_MSGSEND = YES;
				GCC_C_LANGUAGE_STANDARD = gnu11;
				GCC_NO_COMMON_BLOCKS = YES;
				GCC_WARN_64_TO_32_BIT_CONVERSION = YES;
				GCC_WARN_ABOUT_RETURN_TYPE = YES_ERROR;
				GCC_WARN_UNDECLARED_SELECTOR = YES;
				GCC_WARN_UNINITIALIZED_AUTOS = YES_AGGRESSIVE;
				GCC_WARN_UNUSED_FUNCTION = YES;
				GCC_WARN_UNUSED_VARIABLE = YES;
				IPHONEOS_DEPLOYMENT_TARGET = 15.4;
				MTL_ENABLE_DEBUG_INFO = NO;
				MTL_FAST_MATH = YES;
				SDKROOT = iphoneos;
				SWIFT_COMPILATION_MODE = wholemodule;
				SWIFT_OPTIMIZATION_LEVEL = "-O";
				VALIDATE_PRODUCT = YES;
			};
			name = Release;
		};
		4D39E7CC2800743C004E55F4 /* Debug */ = {
			isa = XCBuildConfiguration;
			baseConfigurationReference = D7812C1406E042D95C641C2C /* Pods-ReadBook.debug.xcconfig */;
			buildSettings = {
				ASSETCATALOG_COMPILER_APPICON_NAME = AppIcon;
				ASSETCATALOG_COMPILER_GLOBAL_ACCENT_COLOR_NAME = AccentColor;
				CODE_SIGN_STYLE = Automatic;
				CURRENT_PROJECT_VERSION = 1;
				DEVELOPMENT_ASSET_PATHS = "\"ReadBook/Preview Content\"";
				DEVELOPMENT_TEAM = M669YQ73BG;
				ENABLE_PREVIEWS = YES;
				GENERATE_INFOPLIST_FILE = YES;
				INFOPLIST_KEY_UIApplicationSceneManifest_Generation = YES;
				INFOPLIST_KEY_UIApplicationSupportsIndirectInputEvents = YES;
				INFOPLIST_KEY_UILaunchScreen_Generation = YES;
				INFOPLIST_KEY_UISupportedInterfaceOrientations_iPad = "UIInterfaceOrientationPortrait UIInterfaceOrientationPortraitUpsideDown UIInterfaceOrientationLandscapeLeft UIInterfaceOrientationLandscapeRight";
				INFOPLIST_KEY_UISupportedInterfaceOrientations_iPhone = "UIInterfaceOrientationPortrait UIInterfaceOrientationLandscapeLeft UIInterfaceOrientationLandscapeRight";
				LD_RUNPATH_SEARCH_PATHS = (
					"$(inherited)",
					"@executable_path/Frameworks",
				);
				MARKETING_VERSION = 1.0;
				PRODUCT_BUNDLE_IDENTIFIER = dreamers.ReadBook;
				PRODUCT_NAME = "$(TARGET_NAME)";
				SWIFT_EMIT_LOC_STRINGS = YES;
				SWIFT_VERSION = 5.0;
				TARGETED_DEVICE_FAMILY = "1,2";
			};
			name = Debug;
		};
		4D39E7CD2800743C004E55F4 /* Release */ = {
			isa = XCBuildConfiguration;
			baseConfigurationReference = 9C65DEC32E44D06B997608ED /* Pods-ReadBook.release.xcconfig */;
			buildSettings = {
				ASSETCATALOG_COMPILER_APPICON_NAME = AppIcon;
				ASSETCATALOG_COMPILER_GLOBAL_ACCENT_COLOR_NAME = AccentColor;
				CODE_SIGN_STYLE = Automatic;
				CURRENT_PROJECT_VERSION = 1;
				DEVELOPMENT_ASSET_PATHS = "\"ReadBook/Preview Content\"";
				DEVELOPMENT_TEAM = M669YQ73BG;
				ENABLE_PREVIEWS = YES;
				GENERATE_INFOPLIST_FILE = YES;
				INFOPLIST_KEY_UIApplicationSceneManifest_Generation = YES;
				INFOPLIST_KEY_UIApplicationSupportsIndirectInputEvents = YES;
				INFOPLIST_KEY_UILaunchScreen_Generation = YES;
				INFOPLIST_KEY_UISupportedInterfaceOrientations_iPad = "UIInterfaceOrientationPortrait UIInterfaceOrientationPortraitUpsideDown UIInterfaceOrientationLandscapeLeft UIInterfaceOrientationLandscapeRight";
				INFOPLIST_KEY_UISupportedInterfaceOrientations_iPhone = "UIInterfaceOrientationPortrait UIInterfaceOrientationLandscapeLeft UIInterfaceOrientationLandscapeRight";
				LD_RUNPATH_SEARCH_PATHS = (
					"$(inherited)",
					"@executable_path/Frameworks",
				);
				MARKETING_VERSION = 1.0;
				PRODUCT_BUNDLE_IDENTIFIER = dreamers.ReadBook;
				PRODUCT_NAME = "$(TARGET_NAME)";
				SWIFT_EMIT_LOC_STRINGS = YES;
				SWIFT_VERSION = 5.0;
				TARGETED_DEVICE_FAMILY = "1,2";
			};
			name = Release;
		};
/* End XCBuildConfiguration section */

/* Begin XCConfigurationList section */
		4D39E7B82800743B004E55F4 /* Build configuration list for PBXProject "ReadBook" */ = {
			isa = XCConfigurationList;
			buildConfigurations = (
				4D39E7C92800743C004E55F4 /* Debug */,
				4D39E7CA2800743C004E55F4 /* Release */,
			);
			defaultConfigurationIsVisible = 0;
			defaultConfigurationName = Release;
		};
		4D39E7CB2800743C004E55F4 /* Build configuration list for PBXNativeTarget "ReadBook" */ = {
			isa = XCConfigurationList;
			buildConfigurations = (
				4D39E7CC2800743C004E55F4 /* Debug */,
				4D39E7CD2800743C004E55F4 /* Release */,
			);
			defaultConfigurationIsVisible = 0;
			defaultConfigurationName = Release;
		};
/* End XCConfigurationList section */
	};
	rootObject = 4D39E7B52800743B004E55F4 /* Project object */;
}
